// !$*UTF8*$!
{
	archiveVersion = 1;
	classes = {
	};
	objectVersion = 46;
	objects = {

/* Begin PBXBuildFile section */
		0548609B1D34B9AD008B4D56 /* GFHTTPManger.m in Sources */ = {isa = PBXBuildFile; fileRef = 054860961D34B9AD008B4D56 /* GFHTTPManger.m */; };
		0548609C1D34B9AD008B4D56 /* GFHTTPManger+Uniform.m in Sources */ = {isa = PBXBuildFile; fileRef = 054860981D34B9AD008B4D56 /* GFHTTPManger+Uniform.m */; };
		054860B11D34B9E1008B4D56 /* AFHTTPRequestOperation.m in Sources */ = {isa = PBXBuildFile; fileRef = 0548609F1D34B9E1008B4D56 /* AFHTTPRequestOperation.m */; };
		054860B21D34B9E1008B4D56 /* AFHTTPRequestOperationManager.m in Sources */ = {isa = PBXBuildFile; fileRef = 054860A11D34B9E1008B4D56 /* AFHTTPRequestOperationManager.m */; };
		054860B31D34B9E1008B4D56 /* AFHTTPSessionManager.m in Sources */ = {isa = PBXBuildFile; fileRef = 054860A31D34B9E1008B4D56 /* AFHTTPSessionManager.m */; };
		054860B41D34B9E1008B4D56 /* AFNetworkReachabilityManager.m in Sources */ = {isa = PBXBuildFile; fileRef = 054860A61D34B9E1008B4D56 /* AFNetworkReachabilityManager.m */; };
		054860B51D34B9E1008B4D56 /* AFSecurityPolicy.m in Sources */ = {isa = PBXBuildFile; fileRef = 054860A81D34B9E1008B4D56 /* AFSecurityPolicy.m */; };
		054860B61D34B9E1008B4D56 /* AFURLConnectionOperation.m in Sources */ = {isa = PBXBuildFile; fileRef = 054860AA1D34B9E1008B4D56 /* AFURLConnectionOperation.m */; };
		054860B71D34B9E1008B4D56 /* AFURLRequestSerialization.m in Sources */ = {isa = PBXBuildFile; fileRef = 054860AC1D34B9E1008B4D56 /* AFURLRequestSerialization.m */; };
		054860B81D34B9E1008B4D56 /* AFURLResponseSerialization.m in Sources */ = {isa = PBXBuildFile; fileRef = 054860AE1D34B9E1008B4D56 /* AFURLResponseSerialization.m */; };
		054860B91D34B9E1008B4D56 /* AFURLSessionManager.m in Sources */ = {isa = PBXBuildFile; fileRef = 054860B01D34B9E1008B4D56 /* AFURLSessionManager.m */; };
		05BC38A21D34903100E1AE05 /* main.m in Sources */ = {isa = PBXBuildFile; fileRef = 05BC38A11D34903100E1AE05 /* main.m */; };
		05BC38A51D34903100E1AE05 /* AppDelegate.m in Sources */ = {isa = PBXBuildFile; fileRef = 05BC38A41D34903100E1AE05 /* AppDelegate.m */; };
		05BC38A81D34903100E1AE05 /* ViewController.m in Sources */ = {isa = PBXBuildFile; fileRef = 05BC38A71D34903100E1AE05 /* ViewController.m */; };
		05BC38AB1D34903100E1AE05 /* Main.storyboard in Resources */ = {isa = PBXBuildFile; fileRef = 05BC38A91D34903100E1AE05 /* Main.storyboard */; };
		05BC38AD1D34903100E1AE05 /* Assets.xcassets in Resources */ = {isa = PBXBuildFile; fileRef = 05BC38AC1D34903100E1AE05 /* Assets.xcassets */; };
		05BC38B01D34903100E1AE05 /* LaunchScreen.storyboard in Resources */ = {isa = PBXBuildFile; fileRef = 05BC38AE1D34903100E1AE05 /* LaunchScreen.storyboard */; };
		05BC38BB1D34903100E1AE05 /* RACDemoTests.m in Sources */ = {isa = PBXBuildFile; fileRef = 05BC38BA1D34903100E1AE05 /* RACDemoTests.m */; };
		05BC38C61D34903100E1AE05 /* RACDemoUITests.m in Sources */ = {isa = PBXBuildFile; fileRef = 05BC38C51D34903100E1AE05 /* RACDemoUITests.m */; };
		6B99729CB534724616696C13 /* libPods.a in Frameworks */ = {isa = PBXBuildFile; fileRef = B958E80BC3ECB34704031796 /* libPods.a */; };
/* End PBXBuildFile section */

/* Begin PBXContainerItemProxy section */
		05BC38B71D34903100E1AE05 /* PBXContainerItemProxy */ = {
			isa = PBXContainerItemProxy;
			containerPortal = 05BC38951D34903100E1AE05 /* Project object */;
			proxyType = 1;
			remoteGlobalIDString = 05BC389C1D34903100E1AE05;
			remoteInfo = RACDemo;
		};
		05BC38C21D34903100E1AE05 /* PBXContainerItemProxy */ = {
			isa = PBXContainerItemProxy;
			containerPortal = 05BC38951D34903100E1AE05 /* Project object */;
			proxyType = 1;
			remoteGlobalIDString = 05BC389C1D34903100E1AE05;
			remoteInfo = RACDemo;
		};
/* End PBXContainerItemProxy section */

/* Begin PBXFileReference section */
		054860951D34B9AD008B4D56 /* GFHTTPManger.h */ = {isa = PBXFileReference; fileEncoding = 4; lastKnownFileType = sourcecode.c.h; path = GFHTTPManger.h; sourceTree = "<group>"; };
		054860961D34B9AD008B4D56 /* GFHTTPManger.m */ = {isa = PBXFileReference; fileEncoding = 4; lastKnownFileType = sourcecode.c.objc; path = GFHTTPManger.m; sourceTree = "<group>"; };
		054860971D34B9AD008B4D56 /* GFHTTPManger+Uniform.h */ = {isa = PBXFileReference; fileEncoding = 4; lastKnownFileType = sourcecode.c.h; path = "GFHTTPManger+Uniform.h"; sourceTree = "<group>"; };
		054860981D34B9AD008B4D56 /* GFHTTPManger+Uniform.m */ = {isa = PBXFileReference; fileEncoding = 4; lastKnownFileType = sourcecode.c.objc; path = "GFHTTPManger+Uniform.m"; sourceTree = "<group>"; };
		054860991D34B9AD008B4D56 /* NetWorkingBlock.h */ = {isa = PBXFileReference; fileEncoding = 4; lastKnownFileType = sourcecode.c.h; path = NetWorkingBlock.h; sourceTree = "<group>"; };
		0548609A1D34B9AD008B4D56 /* NetWorkingHeader.h */ = {isa = PBXFileReference; fileEncoding = 4; lastKnownFileType = sourcecode.c.h; path = NetWorkingHeader.h; sourceTree = "<group>"; };
		0548609E1D34B9E1008B4D56 /* AFHTTPRequestOperation.h */ = {isa = PBXFileReference; fileEncoding = 4; lastKnownFileType = sourcecode.c.h; path = AFHTTPRequestOperation.h; sourceTree = "<group>"; };
		0548609F1D34B9E1008B4D56 /* AFHTTPRequestOperation.m */ = {isa = PBXFileReference; fileEncoding = 4; lastKnownFileType = sourcecode.c.objc; path = AFHTTPRequestOperation.m; sourceTree = "<group>"; };
		054860A01D34B9E1008B4D56 /* AFHTTPRequestOperationManager.h */ = {isa = PBXFileReference; fileEncoding = 4; lastKnownFileType = sourcecode.c.h; path = AFHTTPRequestOperationManager.h; sourceTree = "<group>"; };
		054860A11D34B9E1008B4D56 /* AFHTTPRequestOperationManager.m */ = {isa = PBXFileReference; fileEncoding = 4; lastKnownFileType = sourcecode.c.objc; path = AFHTTPRequestOperationManager.m; sourceTree = "<group>"; };
		054860A21D34B9E1008B4D56 /* AFHTTPSessionManager.h */ = {isa = PBXFileReference; fileEncoding = 4; lastKnownFileType = sourcecode.c.h; path = AFHTTPSessionManager.h; sourceTree = "<group>"; };
		054860A31D34B9E1008B4D56 /* AFHTTPSessionManager.m */ = {isa = PBXFileReference; fileEncoding = 4; lastKnownFileType = sourcecode.c.objc; path = AFHTTPSessionManager.m; sourceTree = "<group>"; };
		054860A41D34B9E1008B4D56 /* AFNetworking.h */ = {isa = PBXFileReference; fileEncoding = 4; lastKnownFileType = sourcecode.c.h; path = AFNetworking.h; sourceTree = "<group>"; };
		054860A51D34B9E1008B4D56 /* AFNetworkReachabilityManager.h */ = {isa = PBXFileReference; fileEncoding = 4; lastKnownFileType = sourcecode.c.h; path = AFNetworkReachabilityManager.h; sourceTree = "<group>"; };
		054860A61D34B9E1008B4D56 /* AFNetworkReachabilityManager.m */ = {isa = PBXFileReference; fileEncoding = 4; lastKnownFileType = sourcecode.c.objc; path = AFNetworkReachabilityManager.m; sourceTree = "<group>"; };
		054860A71D34B9E1008B4D56 /* AFSecurityPolicy.h */ = {isa = PBXFileReference; fileEncoding = 4; lastKnownFileType = sourcecode.c.h; path = AFSecurityPolicy.h; sourceTree = "<group>"; };
		054860A81D34B9E1008B4D56 /* AFSecurityPolicy.m */ = {isa = PBXFileReference; fileEncoding = 4; lastKnownFileType = sourcecode.c.objc; path = AFSecurityPolicy.m; sourceTree = "<group>"; };
		054860A91D34B9E1008B4D56 /* AFURLConnectionOperation.h */ = {isa = PBXFileReference; fileEncoding = 4; lastKnownFileType = sourcecode.c.h; path = AFURLConnectionOperation.h; sourceTree = "<group>"; };
		054860AA1D34B9E1008B4D56 /* AFURLConnectionOperation.m */ = {isa = PBXFileReference; fileEncoding = 4; lastKnownFileType = sourcecode.c.objc; path = AFURLConnectionOperation.m; sourceTree = "<group>"; };
		054860AB1D34B9E1008B4D56 /* AFURLRequestSerialization.h */ = {isa = PBXFileReference; fileEncoding = 4; lastKnownFileType = sourcecode.c.h; path = AFURLRequestSerialization.h; sourceTree = "<group>"; };
		054860AC1D34B9E1008B4D56 /* AFURLRequestSerialization.m */ = {isa = PBXFileReference; fileEncoding = 4; lastKnownFileType = sourcecode.c.objc; path = AFURLRequestSerialization.m; sourceTree = "<group>"; };
		054860AD1D34B9E1008B4D56 /* AFURLResponseSerialization.h */ = {isa = PBXFileReference; fileEncoding = 4; lastKnownFileType = sourcecode.c.h; path = AFURLResponseSerialization.h; sourceTree = "<group>"; };
		054860AE1D34B9E1008B4D56 /* AFURLResponseSerialization.m */ = {isa = PBXFileReference; fileEncoding = 4; lastKnownFileType = sourcecode.c.objc; path = AFURLResponseSerialization.m; sourceTree = "<group>"; };
		054860AF1D34B9E1008B4D56 /* AFURLSessionManager.h */ = {isa = PBXFileReference; fileEncoding = 4; lastKnownFileType = sourcecode.c.h; path = AFURLSessionManager.h; sourceTree = "<group>"; };
		054860B01D34B9E1008B4D56 /* AFURLSessionManager.m */ = {isa = PBXFileReference; fileEncoding = 4; lastKnownFileType = sourcecode.c.objc; path = AFURLSessionManager.m; sourceTree = "<group>"; };
		05BC389D1D34903100E1AE05 /* RACDemo.app */ = {isa = PBXFileReference; explicitFileType = wrapper.application; includeInIndex = 0; path = RACDemo.app; sourceTree = BUILT_PRODUCTS_DIR; };
		05BC38A11D34903100E1AE05 /* main.m */ = {isa = PBXFileReference; lastKnownFileType = sourcecode.c.objc; path = main.m; sourceTree = "<group>"; };
		05BC38A31D34903100E1AE05 /* AppDelegate.h */ = {isa = PBXFileReference; lastKnownFileType = sourcecode.c.h; path = AppDelegate.h; sourceTree = "<group>"; };
		05BC38A41D34903100E1AE05 /* AppDelegate.m */ = {isa = PBXFileReference; lastKnownFileType = sourcecode.c.objc; path = AppDelegate.m; sourceTree = "<group>"; };
		05BC38A61D34903100E1AE05 /* ViewController.h */ = {isa = PBXFileReference; lastKnownFileType = sourcecode.c.h; path = ViewController.h; sourceTree = "<group>"; };
		05BC38A71D34903100E1AE05 /* ViewController.m */ = {isa = PBXFileReference; lastKnownFileType = sourcecode.c.objc; path = ViewController.m; sourceTree = "<group>"; };
		05BC38AA1D34903100E1AE05 /* Base */ = {isa = PBXFileReference; lastKnownFileType = file.storyboard; name = Base; path = Base.lproj/Main.storyboard; sourceTree = "<group>"; };
		05BC38AC1D34903100E1AE05 /* Assets.xcassets */ = {isa = PBXFileReference; lastKnownFileType = folder.assetcatalog; path = Assets.xcassets; sourceTree = "<group>"; };
		05BC38AF1D34903100E1AE05 /* Base */ = {isa = PBXFileReference; lastKnownFileType = file.storyboard; name = Base; path = Base.lproj/LaunchScreen.storyboard; sourceTree = "<group>"; };
		05BC38B11D34903100E1AE05 /* Info.plist */ = {isa = PBXFileReference; lastKnownFileType = text.plist.xml; path = Info.plist; sourceTree = "<group>"; };
		05BC38B61D34903100E1AE05 /* RACDemoTests.xctest */ = {isa = PBXFileReference; explicitFileType = wrapper.cfbundle; includeInIndex = 0; path = RACDemoTests.xctest; sourceTree = BUILT_PRODUCTS_DIR; };
		05BC38BA1D34903100E1AE05 /* RACDemoTests.m */ = {isa = PBXFileReference; lastKnownFileType = sourcecode.c.objc; path = RACDemoTests.m; sourceTree = "<group>"; };
		05BC38BC1D34903100E1AE05 /* Info.plist */ = {isa = PBXFileReference; lastKnownFileType = text.plist.xml; path = Info.plist; sourceTree = "<group>"; };
		05BC38C11D34903100E1AE05 /* RACDemoUITests.xctest */ = {isa = PBXFileReference; explicitFileType = wrapper.cfbundle; includeInIndex = 0; path = RACDemoUITests.xctest; sourceTree = BUILT_PRODUCTS_DIR; };
		05BC38C51D34903100E1AE05 /* RACDemoUITests.m */ = {isa = PBXFileReference; lastKnownFileType = sourcecode.c.objc; path = RACDemoUITests.m; sourceTree = "<group>"; };
		05BC38C71D34903100E1AE05 /* Info.plist */ = {isa = PBXFileReference; lastKnownFileType = text.plist.xml; path = Info.plist; sourceTree = "<group>"; };
		AB01BDA72F8A978990E31A8C /* Pods.release.xcconfig */ = {isa = PBXFileReference; includeInIndex = 1; lastKnownFileType = text.xcconfig; name = Pods.release.xcconfig; path = "Pods/Target Support Files/Pods/Pods.release.xcconfig"; sourceTree = "<group>"; };
		B958E80BC3ECB34704031796 /* libPods.a */ = {isa = PBXFileReference; explicitFileType = archive.ar; includeInIndex = 0; path = libPods.a; sourceTree = BUILT_PRODUCTS_DIR; };
		F6540F532F5B03B229BEBAB9 /* Pods.debug.xcconfig */ = {isa = PBXFileReference; includeInIndex = 1; lastKnownFileType = text.xcconfig; name = Pods.debug.xcconfig; path = "Pods/Target Support Files/Pods/Pods.debug.xcconfig"; sourceTree = "<group>"; };
/* End PBXFileReference section */

/* Begin PBXFrameworksBuildPhase section */
		05BC389A1D34903100E1AE05 /* Frameworks */ = {
			isa = PBXFrameworksBuildPhase;
			buildActionMask = 2147483647;
			files = (
				6B99729CB534724616696C13 /* libPods.a in Frameworks */,
			);
			runOnlyForDeploymentPostprocessing = 0;
		};
		05BC38B31D34903100E1AE05 /* Frameworks */ = {
			isa = PBXFrameworksBuildPhase;
			buildActionMask = 2147483647;
			files = (
			);
			runOnlyForDeploymentPostprocessing = 0;
		};
		05BC38BE1D34903100E1AE05 /* Frameworks */ = {
			isa = PBXFrameworksBuildPhase;
			buildActionMask = 2147483647;
			files = (
			);
			runOnlyForDeploymentPostprocessing = 0;
		};
/* End PBXFrameworksBuildPhase section */

/* Begin PBXGroup section */
		0548609D1D34B9E1008B4D56 /* AFNetworking */ = {
			isa = PBXGroup;
			children = (
				0548609E1D34B9E1008B4D56 /* AFHTTPRequestOperation.h */,
				0548609F1D34B9E1008B4D56 /* AFHTTPRequestOperation.m */,
				054860A01D34B9E1008B4D56 /* AFHTTPRequestOperationManager.h */,
				054860A11D34B9E1008B4D56 /* AFHTTPRequestOperationManager.m */,
				054860A21D34B9E1008B4D56 /* AFHTTPSessionManager.h */,
				054860A31D34B9E1008B4D56 /* AFHTTPSessionManager.m */,
				054860A41D34B9E1008B4D56 /* AFNetworking.h */,
				054860A51D34B9E1008B4D56 /* AFNetworkReachabilityManager.h */,
				054860A61D34B9E1008B4D56 /* AFNetworkReachabilityManager.m */,
				054860A71D34B9E1008B4D56 /* AFSecurityPolicy.h */,
				054860A81D34B9E1008B4D56 /* AFSecurityPolicy.m */,
				054860A91D34B9E1008B4D56 /* AFURLConnectionOperation.h */,
				054860AA1D34B9E1008B4D56 /* AFURLConnectionOperation.m */,
				054860AB1D34B9E1008B4D56 /* AFURLRequestSerialization.h */,
				054860AC1D34B9E1008B4D56 /* AFURLRequestSerialization.m */,
				054860AD1D34B9E1008B4D56 /* AFURLResponseSerialization.h */,
				054860AE1D34B9E1008B4D56 /* AFURLResponseSerialization.m */,
				054860AF1D34B9E1008B4D56 /* AFURLSessionManager.h */,
				054860B01D34B9E1008B4D56 /* AFURLSessionManager.m */,
			);
			path = AFNetworking;
			sourceTree = "<group>";
		};
		05BC38941D34903100E1AE05 = {
			isa = PBXGroup;
			children = (
				05BC389F1D34903100E1AE05 /* RACDemo */,
				05BC38B91D34903100E1AE05 /* RACDemoTests */,
				05BC38C41D34903100E1AE05 /* RACDemoUITests */,
				05BC389E1D34903100E1AE05 /* Products */,
				E36D5482CFC2644FCD7BD77D /* Pods */,
				F667B3F9D12F9424623F7DE5 /* Frameworks */,
			);
			sourceTree = "<group>";
		};
		05BC389E1D34903100E1AE05 /* Products */ = {
			isa = PBXGroup;
			children = (
				05BC389D1D34903100E1AE05 /* RACDemo.app */,
				05BC38B61D34903100E1AE05 /* RACDemoTests.xctest */,
				05BC38C11D34903100E1AE05 /* RACDemoUITests.xctest */,
			);
			name = Products;
			sourceTree = "<group>";
		};
		05BC389F1D34903100E1AE05 /* RACDemo */ = {
			isa = PBXGroup;
			children = (
				0548609D1D34B9E1008B4D56 /* AFNetworking */,
				054860951D34B9AD008B4D56 /* GFHTTPManger.h */,
				054860961D34B9AD008B4D56 /* GFHTTPManger.m */,
				054860971D34B9AD008B4D56 /* GFHTTPManger+Uniform.h */,
				054860981D34B9AD008B4D56 /* GFHTTPManger+Uniform.m */,
				054860991D34B9AD008B4D56 /* NetWorkingBlock.h */,
				0548609A1D34B9AD008B4D56 /* NetWorkingHeader.h */,
				05BC38A31D34903100E1AE05 /* AppDelegate.h */,
				05BC38A41D34903100E1AE05 /* AppDelegate.m */,
				05BC38A61D34903100E1AE05 /* ViewController.h */,
				05BC38A71D34903100E1AE05 /* ViewController.m */,
				05BC38A91D34903100E1AE05 /* Main.storyboard */,
				05BC38AC1D34903100E1AE05 /* Assets.xcassets */,
				05BC38AE1D34903100E1AE05 /* LaunchScreen.storyboard */,
				05BC38B11D34903100E1AE05 /* Info.plist */,
				05BC38A01D34903100E1AE05 /* Supporting Files */,
			);
			path = RACDemo;
			sourceTree = "<group>";
		};
		05BC38A01D34903100E1AE05 /* Supporting Files */ = {
			isa = PBXGroup;
			children = (
				05BC38A11D34903100E1AE05 /* main.m */,
			);
			name = "Supporting Files";
			sourceTree = "<group>";
		};
		05BC38B91D34903100E1AE05 /* RACDemoTests */ = {
			isa = PBXGroup;
			children = (
				05BC38BA1D34903100E1AE05 /* RACDemoTests.m */,
				05BC38BC1D34903100E1AE05 /* Info.plist */,
			);
			path = RACDemoTests;
			sourceTree = "<group>";
		};
		05BC38C41D34903100E1AE05 /* RACDemoUITests */ = {
			isa = PBXGroup;
			children = (
				05BC38C51D34903100E1AE05 /* RACDemoUITests.m */,
				05BC38C71D34903100E1AE05 /* Info.plist */,
			);
			path = RACDemoUITests;
			sourceTree = "<group>";
		};
		E36D5482CFC2644FCD7BD77D /* Pods */ = {
			isa = PBXGroup;
			children = (
				F6540F532F5B03B229BEBAB9 /* Pods.debug.xcconfig */,
				AB01BDA72F8A978990E31A8C /* Pods.release.xcconfig */,
			);
			name = Pods;
			sourceTree = "<group>";
		};
		F667B3F9D12F9424623F7DE5 /* Frameworks */ = {
			isa = PBXGroup;
			children = (
				B958E80BC3ECB34704031796 /* libPods.a */,
			);
			name = Frameworks;
			sourceTree = "<group>";
		};
/* End PBXGroup section */

/* Begin PBXNativeTarget section */
		05BC389C1D34903100E1AE05 /* RACDemo */ = {
			isa = PBXNativeTarget;
			buildConfigurationList = 05BC38CA1D34903100E1AE05 /* Build configuration list for PBXNativeTarget "RACDemo" */;
			buildPhases = (
				C452D73E50421811AC9AD842 /* Check Pods Manifest.lock */,
				05BC38991D34903100E1AE05 /* Sources */,
				05BC389A1D34903100E1AE05 /* Frameworks */,
				05BC389B1D34903100E1AE05 /* Resources */,
				2D5F25B6B780D1372E8576EC /* Embed Pods Frameworks */,
				B7D1127A991991F3477EEFEE /* Copy Pods Resources */,
			);
			buildRules = (
			);
			dependencies = (
			);
			name = RACDemo;
			productName = RACDemo;
			productReference = 05BC389D1D34903100E1AE05 /* RACDemo.app */;
			productType = "com.apple.product-type.application";
		};
		05BC38B51D34903100E1AE05 /* RACDemoTests */ = {
			isa = PBXNativeTarget;
			buildConfigurationList = 05BC38CD1D34903100E1AE05 /* Build configuration list for PBXNativeTarget "RACDemoTests" */;
			buildPhases = (
				05BC38B21D34903100E1AE05 /* Sources */,
				05BC38B31D34903100E1AE05 /* Frameworks */,
				05BC38B41D34903100E1AE05 /* Resources */,
			);
			buildRules = (
			);
			dependencies = (
				05BC38B81D34903100E1AE05 /* PBXTargetDependency */,
			);
			name = RACDemoTests;
			productName = RACDemoTests;
			productReference = 05BC38B61D34903100E1AE05 /* RACDemoTests.xctest */;
			productType = "com.apple.product-type.bundle.unit-test";
		};
		05BC38C01D34903100E1AE05 /* RACDemoUITests */ = {
			isa = PBXNativeTarget;
			buildConfigurationList = 05BC38D01D34903100E1AE05 /* Build configuration list for PBXNativeTarget "RACDemoUITests" */;
			buildPhases = (
				05BC38BD1D34903100E1AE05 /* Sources */,
				05BC38BE1D34903100E1AE05 /* Frameworks */,
				05BC38BF1D34903100E1AE05 /* Resources */,
			);
			buildRules = (
			);
			dependencies = (
				05BC38C31D34903100E1AE05 /* PBXTargetDependency */,
			);
			name = RACDemoUITests;
			productName = RACDemoUITests;
			productReference = 05BC38C11D34903100E1AE05 /* RACDemoUITests.xctest */;
			productType = "com.apple.product-type.bundle.ui-testing";
		};
/* End PBXNativeTarget section */

/* Begin PBXProject section */
		05BC38951D34903100E1AE05 /* Project object */ = {
			isa = PBXProject;
			attributes = {
				LastUpgradeCheck = 0730;
				ORGANIZATIONNAME = MAXIAO;
				TargetAttributes = {
					05BC389C1D34903100E1AE05 = {
						CreatedOnToolsVersion = 7.3.1;
					};
					05BC38B51D34903100E1AE05 = {
						CreatedOnToolsVersion = 7.3.1;
						TestTargetID = 05BC389C1D34903100E1AE05;
					};
					05BC38C01D34903100E1AE05 = {
						CreatedOnToolsVersion = 7.3.1;
						TestTargetID = 05BC389C1D34903100E1AE05;
					};
				};
			};
			buildConfigurationList = 05BC38981D34903100E1AE05 /* Build configuration list for PBXProject "RACDemo" */;
			compatibilityVersion = "Xcode 3.2";
			developmentRegion = English;
			hasScannedForEncodings = 0;
			knownRegions = (
				en,
				Base,
			);
			mainGroup = 05BC38941D34903100E1AE05;
			productRefGroup = 05BC389E1D34903100E1AE05 /* Products */;
			projectDirPath = "";
			projectRoot = "";
			targets = (
				05BC389C1D34903100E1AE05 /* RACDemo */,
				05BC38B51D34903100E1AE05 /* RACDemoTests */,
				05BC38C01D34903100E1AE05 /* RACDemoUITests */,
			);
		};
/* End PBXProject section */

/* Begin PBXResourcesBuildPhase section */
		05BC389B1D34903100E1AE05 /* Resources */ = {
			isa = PBXResourcesBuildPhase;
			buildActionMask = 2147483647;
			files = (
				05BC38B01D34903100E1AE05 /* LaunchScreen.storyboard in Resources */,
				05BC38AD1D34903100E1AE05 /* Assets.xcassets in Resources */,
				05BC38AB1D34903100E1AE05 /* Main.storyboard in Resources */,
			);
			runOnlyForDeploymentPostprocessing = 0;
		};
		05BC38B41D34903100E1AE05 /* Resources */ = {
			isa = PBXResourcesBuildPhase;
			buildActionMask = 2147483647;
			files = (
			);
			runOnlyForDeploymentPostprocessing = 0;
		};
		05BC38BF1D34903100E1AE05 /* Resources */ = {
			isa = PBXResourcesBuildPhase;
			buildActionMask = 2147483647;
			files = (
			);
			runOnlyForDeploymentPostprocessing = 0;
		};
/* End PBXResourcesBuildPhase section */

/* Begin PBXShellScriptBuildPhase section */
		2D5F25B6B780D1372E8576EC /* Embed Pods Frameworks */ = {
			isa = PBXShellScriptBuildPhase;
			buildActionMask = 2147483647;
			files = (
			);
			inputPaths = (
			);
			name = "Embed Pods Frameworks";
			outputPaths = (
			);
			runOnlyForDeploymentPostprocessing = 0;
			shellPath = /bin/sh;
			shellScript = "\"${SRCROOT}/Pods/Target Support Files/Pods/Pods-frameworks.sh\"\n";
			showEnvVarsInLog = 0;
		};
		B7D1127A991991F3477EEFEE /* Copy Pods Resources */ = {
			isa = PBXShellScriptBuildPhase;
			buildActionMask = 2147483647;
			files = (
			);
			inputPaths = (
			);
			name = "Copy Pods Resources";
			outputPaths = (
			);
			runOnlyForDeploymentPostprocessing = 0;
			shellPath = /bin/sh;
			shellScript = "\"${SRCROOT}/Pods/Target Support Files/Pods/Pods-resources.sh\"\n";
			showEnvVarsInLog = 0;
		};
		C452D73E50421811AC9AD842 /* Check Pods Manifest.lock */ = {
			isa = PBXShellScriptBuildPhase;
			buildActionMask = 2147483647;
			files = (
			);
			inputPaths = (
			);
			name = "Check Pods Manifest.lock";
			outputPaths = (
			);
			runOnlyForDeploymentPostprocessing = 0;
			shellPath = /bin/sh;
			shellScript = "diff \"${PODS_ROOT}/../Podfile.lock\" \"${PODS_ROOT}/Manifest.lock\" > /dev/null\nif [[ $? != 0 ]] ; then\n    cat << EOM\nerror: The sandbox is not in sync with the Podfile.lock. Run 'pod install' or update your CocoaPods installation.\nEOM\n    exit 1\nfi\n";
			showEnvVarsInLog = 0;
		};
/* End PBXShellScriptBuildPhase section */

/* Begin PBXSourcesBuildPhase section */
		05BC38991D34903100E1AE05 /* Sources */ = {
			isa = PBXSourcesBuildPhase;
			buildActionMask = 2147483647;
			files = (
				054860B61D34B9E1008B4D56 /* AFURLConnectionOperation.m in Sources */,
				054860B11D34B9E1008B4D56 /* AFHTTPRequestOperation.m in Sources */,
				054860B41D34B9E1008B4D56 /* AFNetworkReachabilityManager.m in Sources */,
				054860B91D34B9E1008B4D56 /* AFURLSessionManager.m in Sources */,
				054860B71D34B9E1008B4D56 /* AFURLRequestSerialization.m in Sources */,
				0548609B1D34B9AD008B4D56 /* GFHTTPManger.m in Sources */,
				054860B81D34B9E1008B4D56 /* AFURLResponseSerialization.m in Sources */,
				05BC38A81D34903100E1AE05 /* ViewController.m in Sources */,
				05BC38A51D34903100E1AE05 /* AppDelegate.m in Sources */,
				054860B21D34B9E1008B4D56 /* AFHTTPRequestOperationManager.m in Sources */,
				054860B51D34B9E1008B4D56 /* AFSecurityPolicy.m in Sources */,
				05BC38A21D34903100E1AE05 /* main.m in Sources */,
				0548609C1D34B9AD008B4D56 /* GFHTTPManger+Uniform.m in Sources */,
				054860B31D34B9E1008B4D56 /* AFHTTPSessionManager.m in Sources */,
			);
			runOnlyForDeploymentPostprocessing = 0;
		};
		05BC38B21D34903100E1AE05 /* Sources */ = {
			isa = PBXSourcesBuildPhase;
			buildActionMask = 2147483647;
			files = (
				05BC38BB1D34903100E1AE05 /* RACDemoTests.m in Sources */,
			);
			runOnlyForDeploymentPostprocessing = 0;
		};
		05BC38BD1D34903100E1AE05 /* Sources */ = {
			isa = PBXSourcesBuildPhase;
			buildActionMask = 2147483647;
			files = (
				05BC38C61D34903100E1AE05 /* RACDemoUITests.m in Sources */,
			);
			runOnlyForDeploymentPostprocessing = 0;
		};
/* End PBXSourcesBuildPhase section */

/* Begin PBXTargetDependency section */
		05BC38B81D34903100E1AE05 /* PBXTargetDependency */ = {
			isa = PBXTargetDependency;
			target = 05BC389C1D34903100E1AE05 /* RACDemo */;
			targetProxy = 05BC38B71D34903100E1AE05 /* PBXContainerItemProxy */;
		};
		05BC38C31D34903100E1AE05 /* PBXTargetDependency */ = {
			isa = PBXTargetDependency;
			target = 05BC389C1D34903100E1AE05 /* RACDemo */;
			targetProxy = 05BC38C21D34903100E1AE05 /* PBXContainerItemProxy */;
		};
/* End PBXTargetDependency section */

/* Begin PBXVariantGroup section */
		05BC38A91D34903100E1AE05 /* Main.storyboard */ = {
			isa = PBXVariantGroup;
			children = (
				05BC38AA1D34903100E1AE05 /* Base */,
			);
			name = Main.storyboard;
			sourceTree = "<group>";
		};
		05BC38AE1D34903100E1AE05 /* LaunchScreen.storyboard */ = {
			isa = PBXVariantGroup;
			children = (
				05BC38AF1D34903100E1AE05 /* Base */,
			);
			name = LaunchScreen.storyboard;
			sourceTree = "<group>";
		};
/* End PBXVariantGroup section */

/* Begin XCBuildConfiguration section */
		05BC38C81D34903100E1AE05 /* Debug */ = {
			isa = XCBuildConfiguration;
			buildSettings = {
				ALWAYS_SEARCH_USER_PATHS = NO;
				CLANG_ANALYZER_NONNULL = YES;
				CLANG_CXX_LANGUAGE_STANDARD = "gnu++0x";
				CLANG_CXX_LIBRARY = "libc++";
				CLANG_ENABLE_MODULES = YES;
				CLANG_ENABLE_OBJC_ARC = YES;
				CLANG_WARN_BOOL_CONVERSION = YES;
				CLANG_WARN_CONSTANT_CONVERSION = YES;
				CLANG_WARN_DIRECT_OBJC_ISA_USAGE = YES_ERROR;
				CLANG_WARN_EMPTY_BODY = YES;
				CLANG_WARN_ENUM_CONVERSION = YES;
				CLANG_WARN_INT_CONVERSION = YES;
				CLANG_WARN_OBJC_ROOT_CLASS = YES_ERROR;
				CLANG_WARN_UNREACHABLE_CODE = YES;
				CLANG_WARN__DUPLICATE_METHOD_MATCH = YES;
				"CODE_SIGN_IDENTITY[sdk=iphoneos*]" = "iPhone Developer";
				COPY_PHASE_STRIP = NO;
				DEBUG_INFORMATION_FORMAT = dwarf;
				ENABLE_STRICT_OBJC_MSGSEND = YES;
				ENABLE_TESTABILITY = YES;
				GCC_C_LANGUAGE_STANDARD = gnu99;
				GCC_DYNAMIC_NO_PIC = NO;
				GCC_NO_COMMON_BLOCKS = YES;
				GCC_OPTIMIZATION_LEVEL = 0;
				GCC_PREPROCESSOR_DEFINITIONS = (
					"DEBUG=1",
					"$(inherited)",
				);
				GCC_WARN_64_TO_32_BIT_CONVERSION = YES;
				GCC_WARN_ABOUT_RETURN_TYPE = YES_ERROR;
				GCC_WARN_UNDECLARED_SELECTOR = YES;
				GCC_WARN_UNINITIALIZED_AUTOS = YES_AGGRESSIVE;
				GCC_WARN_UNUSED_FUNCTION = YES;
				GCC_WARN_UNUSED_VARIABLE = YES;
				IPHONEOS_DEPLOYMENT_TARGET = 9.3;
				MTL_ENABLE_DEBUG_INFO = YES;
				ONLY_ACTIVE_ARCH = YES;
				SDKROOT = iphoneos;
				TARGETED_DEVICE_FAMILY = "1,2";
			};
			name = Debug;
		};
		05BC38C91D34903100E1AE05 /* Release */ = {
			isa = XCBuildConfiguration;
			buildSettings = {
				ALWAYS_SEARCH_USER_PATHS = NO;
				CLANG_ANALYZER_NONNULL = YES;
				CLANG_CXX_LANGUAGE_STANDARD = "gnu++0x";
				CLANG_CXX_LIBRARY = "libc++";
				CLANG_ENABLE_MODULES = YES;
				CLANG_ENABLE_OBJC_ARC = YES;
				CLANG_WARN_BOOL_CONVERSION = YES;
				CLANG_WARN_CONSTANT_CONVERSION = YES;
				CLANG_WARN_DIRECT_OBJC_ISA_USAGE = YES_ERROR;
				CLANG_WARN_EMPTY_BODY = YES;
				CLANG_WARN_ENUM_CONVERSION = YES;
				CLANG_WARN_INT_CONVERSION = YES;
				CLANG_WARN_OBJC_ROOT_CLASS = YES_ERROR;
				CLANG_WARN_UNREACHABLE_CODE = YES;
				CLANG_WARN__DUPLICATE_METHOD_MATCH = YES;
				"CODE_SIGN_IDENTITY[sdk=iphoneos*]" = "iPhone Developer";
				COPY_PHASE_STRIP = NO;
				DEBUG_INFORMATION_FORMAT = "dwarf-with-dsym";
				ENABLE_NS_ASSERTIONS = NO;
				ENABLE_STRICT_OBJC_MSGSEND = YES;
				GCC_C_LANGUAGE_STANDARD = gnu99;
				GCC_NO_COMMON_BLOCKS = YES;
				GCC_WARN_64_TO_32_BIT_CONVERSION = YES;
				GCC_WARN_ABOUT_RETURN_TYPE = YES_ERROR;
				GCC_WARN_UNDECLARED_SELECTOR = YES;
				GCC_WARN_UNINITIALIZED_AUTOS = YES_AGGRESSIVE;
				GCC_WARN_UNUSED_FUNCTION = YES;
				GCC_WARN_UNUSED_VARIABLE = YES;
				IPHONEOS_DEPLOYMENT_TARGET = 9.3;
				MTL_ENABLE_DEBUG_INFO = NO;
				SDKROOT = iphoneos;
				TARGETED_DEVICE_FAMILY = "1,2";
				VALIDATE_PRODUCT = YES;
			};
			name = Release;
		};
		05BC38CB1D34903100E1AE05 /* Debug */ = {
			isa = XCBuildConfiguration;
			baseConfigurationReference = F6540F532F5B03B229BEBAB9 /* Pods.debug.xcconfig */;
			buildSettings = {
				ASSETCATALOG_COMPILER_APPICON_NAME = AppIcon;
				INFOPLIST_FILE = RACDemo/Info.plist;
				IPHONEOS_DEPLOYMENT_TARGET = 8.0;
				LD_RUNPATH_SEARCH_PATHS = "$(inherited) @executable_path/Frameworks";
				PRODUCT_BUNDLE_IDENTIFIER = "com.github.com-mhqamx.RACDemo";
				PRODUCT_NAME = "$(TARGET_NAME)";
			};
			name = Debug;
		};
		05BC38CC1D34903100E1AE05 /* Release */ = {
			isa = XCBuildConfiguration;
			baseConfigurationReference = AB01BDA72F8A978990E31A8C /* Pods.release.xcconfig */;
			buildSettings = {
				ASSETCATALOG_COMPILER_APPICON_NAME = AppIcon;
				INFOPLIST_FILE = RACDemo/Info.plist;
				IPHONEOS_DEPLOYMENT_TARGET = 8.0;
				LD_RUNPATH_SEARCH_PATHS = "$(inherited) @executable_path/Frameworks";
				PRODUCT_BUNDLE_IDENTIFIER = "com.github.com-mhqamx.RACDemo";
				PRODUCT_NAME = "$(TARGET_NAME)";
			};
			name = Release;
		};
		05BC38CE1D34903100E1AE05 /* Debug */ = {
			isa = XCBuildConfiguration;
			buildSettings = {
				BUNDLE_LOADER = "$(TEST_HOST)";
				INFOPLIST_FILE = RACDemoTests/Info.plist;
				LD_RUNPATH_SEARCH_PATHS = "$(inherited) @executable_path/Frameworks @loader_path/Frameworks";
				PRODUCT_BUNDLE_IDENTIFIER = "com.github.com-mhqamx.RACDemoTests";
				PRODUCT_NAME = "$(TARGET_NAME)";
				TEST_HOST = "$(BUILT_PRODUCTS_DIR)/RACDemo.app/RACDemo";
			};
			name = Debug;
		};
		05BC38CF1D34903100E1AE05 /* Release */ = {
			isa = XCBuildConfiguration;
			buildSettings = {
				BUNDLE_LOADER = "$(TEST_HOST)";
				INFOPLIST_FILE = RACDemoTests/Info.plist;
				LD_RUNPATH_SEARCH_PATHS = "$(inherited) @executable_path/Frameworks @loader_path/Frameworks";
				PRODUCT_BUNDLE_IDENTIFIER = "com.github.com-mhqamx.RACDemoTests";
				PRODUCT_NAME = "$(TARGET_NAME)";
				TEST_HOST = "$(BUILT_PRODUCTS_DIR)/RACDemo.app/RACDemo";
			};
			name = Release;
		};
		05BC38D11D34903100E1AE05 /* Debug */ = {
			isa = XCBuildConfiguration;
			buildSettings = {
				INFOPLIST_FILE = RACDemoUITests/Info.plist;
				LD_RUNPATH_SEARCH_PATHS = "$(inherited) @executable_path/Frameworks @loader_path/Frameworks";
				PRODUCT_BUNDLE_IDENTIFIER = "com.github.com-mhqamx.RACDemoUITests";
				PRODUCT_NAME = "$(TARGET_NAME)";
				TEST_TARGET_NAME = RACDemo;
			};
			name = Debug;
		};
		05BC38D21D34903100E1AE05 /* Release */ = {
			isa = XCBuildConfiguration;
			buildSettings = {
				INFOPLIST_FILE = RACDemoUITests/Info.plist;
				LD_RUNPATH_SEARCH_PATHS = "$(inherited) @executable_path/Frameworks @loader_path/Frameworks";
				PRODUCT_BUNDLE_IDENTIFIER = "com.github.com-mhqamx.RACDemoUITests";
				PRODUCT_NAME = "$(TARGET_NAME)";
				TEST_TARGET_NAME = RACDemo;
			};
			name = Release;
		};
/* End XCBuildConfiguration section */

/* Begin XCConfigurationList section */
		05BC38981D34903100E1AE05 /* Build configuration list for PBXProject "RACDemo" */ = {
			isa = XCConfigurationList;
			buildConfigurations = (
				05BC38C81D34903100E1AE05 /* Debug */,
				05BC38C91D34903100E1AE05 /* Release */,
			);
			defaultConfigurationIsVisible = 0;
			defaultConfigurationName = Release;
		};
		05BC38CA1D34903100E1AE05 /* Build configuration list for PBXNativeTarget "RACDemo" */ = {
			isa = XCConfigurationList;
			buildConfigurations = (
				05BC38CB1D34903100E1AE05 /* Debug */,
				05BC38CC1D34903100E1AE05 /* Release */,
			);
			defaultConfigurationIsVisible = 0;
			defaultConfigurationName = Release;
		};
		05BC38CD1D34903100E1AE05 /* Build configuration list for PBXNativeTarget "RACDemoTests" */ = {
			isa = XCConfigurationList;
			buildConfigurations = (
				05BC38CE1D34903100E1AE05 /* Debug */,
				05BC38CF1D34903100E1AE05 /* Release */,
			);
			defaultConfigurationIsVisible = 0;
			defaultConfigurationName = Release;
		};
		05BC38D01D34903100E1AE05 /* Build configuration list for PBXNativeTarget "RACDemoUITests" */ = {
			isa = XCConfigurationList;
			buildConfigurations = (
				05BC38D11D34903100E1AE05 /* Debug */,
				05BC38D21D34903100E1AE05 /* Release */,
			);
			defaultConfigurationIsVisible = 0;
			defaultConfigurationName = Release;
		};
/* End XCConfigurationList section */
	};
	rootObject = 05BC38951D34903100E1AE05 /* Project object */;
}
